
Microsoft Visual Studio Solution File, Format Version 12.00
# Visual Studio Version 17
VisualStudioVersion = 17.3.32929.385
MinimumVisualStudioVersion = 10.0.40219.1
Project("{FAE04EC0-301F-11D3-BF4B-00C04F79EFBC}") = "WarThunderForum", "WarThunderForum.csproj", "{96AEC941-5AA1-4B5D-8D57-F0446232326E}"
EndProject
Global
	GlobalSection(SolutionConfigurationPlatforms) = preSolution
		Debug|Any CPU = Debug|Any CPU
		Release|Any CPU = Release|Any CPU
	EndGlobalSection
	GlobalSection(ProjectConfigurationPlatforms) = postSolution
		{96AEC941-5AA1-4B5D-8D57-F0446232326E}.Debug|Any CPU.ActiveCfg = Debug|Any CPU
		{96AEC941-5AA1-4B5D-8D57-F0446232326E}.Debug|Any CPU.Build.0 = Debug|Any CPU
		{96AEC941-5AA1-4B5D-8D57-F0446232326E}.Release|Any CPU.ActiveCfg = Release|Any CPU
		{96AEC941-5AA1-4B5D-8D57-F0446232326E}.Release|Any CPU.Build.0 = Release|Any CPU
	EndGlobalSection
	GlobalSection(SolutionProperties) = preSolution
		HideSolutionNode = FALSE
	EndGlobalSection
	GlobalSection(ExtensibilityGlobals) = postSolution
		SolutionGuid = {5019F18B-B4D2-4D6A-B152-B46484ED8479}
	EndGlobalSection
EndGlobal
